
Microsoft Visual Studio Solution File, Format Version 12.00
Project("{FAE04EC0-301F-11D3-BF4B-00C04F79EFBC}") = "NotEnoughBooks", "NotEnoughBooks\NotEnoughBooks.csproj", "{0B3D0464-2C99-49BA-814B-3D48A3143DF7}"
EndProject
Project("{FAE04EC0-301F-11D3-BF4B-00C04F79EFBC}") = "NotEnoughBooks.Parser.DNB", "NotEnoughBooks.Parser.DNB\NotEnoughBooks.Parser.DNB.csproj", "{909E0B13-066F-4120-96DC-106E1E94F691}"
EndProject
Global
	GlobalSection(SolutionConfigurationPlatforms) = preSolution
		Debug|Any CPU = Debug|Any CPU
		Release|Any CPU = Release|Any CPU
	EndGlobalSection
	GlobalSection(ProjectConfigurationPlatforms) = postSolution
		{0B3D0464-2C99-49BA-814B-3D48A3143DF7}.Debug|Any CPU.ActiveCfg = Debug|Any CPU
		{0B3D0464-2C99-49BA-814B-3D48A3143DF7}.Debug|Any CPU.Build.0 = Debug|Any CPU
		{0B3D0464-2C99-49BA-814B-3D48A3143DF7}.Release|Any CPU.ActiveCfg = Release|Any CPU
		{0B3D0464-2C99-49BA-814B-3D48A3143DF7}.Release|Any CPU.Build.0 = Release|Any CPU
		{909E0B13-066F-4120-96DC-106E1E94F691}.Debug|Any CPU.ActiveCfg = Debug|Any CPU
		{909E0B13-066F-4120-96DC-106E1E94F691}.Debug|Any CPU.Build.0 = Debug|Any CPU
		{909E0B13-066F-4120-96DC-106E1E94F691}.Release|Any CPU.ActiveCfg = Release|Any CPU
		{909E0B13-066F-4120-96DC-106E1E94F691}.Release|Any CPU.Build.0 = Release|Any CPU
	EndGlobalSection
EndGlobal
